
Microsoft Visual Studio Solution File, Format Version 12.00
# Visual Studio Version 16
VisualStudioVersion = 16.0.30011.22
MinimumVisualStudioVersion = 10.0.40219.1
Project("{FAE04EC0-301F-11D3-BF4B-00C04F79EFBC}") = "FailoverRmq", "FailoverRmq\FailoverRmq.csproj", "{16362EC2-C73B-410D-98A7-D6364BABC360}"
EndProject
Global
	GlobalSection(SolutionConfigurationPlatforms) = preSolution
		Debug|Any CPU = Debug|Any CPU
		Release|Any CPU = Release|Any CPU
	EndGlobalSection
	GlobalSection(ProjectConfigurationPlatforms) = postSolution
		{16362EC2-C73B-410D-98A7-D6364BABC360}.Debug|Any CPU.ActiveCfg = Debug|Any CPU
		{16362EC2-C73B-410D-98A7-D6364BABC360}.Debug|Any CPU.Build.0 = Debug|Any CPU
		{16362EC2-C73B-410D-98A7-D6364BABC360}.Release|Any CPU.ActiveCfg = Release|Any CPU
		{16362EC2-C73B-410D-98A7-D6364BABC360}.Release|Any CPU.Build.0 = Release|Any CPU
	EndGlobalSection
	GlobalSection(SolutionProperties) = preSolution
		HideSolutionNode = FALSE
	EndGlobalSection
	GlobalSection(ExtensibilityGlobals) = postSolution
		SolutionGuid = {5F26384F-CD9E-475E-AAFF-F1F4DA7EE994}
	EndGlobalSection
EndGlobal
